{
  "name": "interlaced",
  "version": "0.0.0",
  "lockfileVersion": 3,
  "requires": true,
  "packages": {
    "": {
      "name": "interlaced",
      "version": "0.0.0",
      "license": "MIT",
      "dependencies": {
        "buffer-plus": "^1.3.0"
      }
    },
    "node_modules/buffer-plus": {
      "version": "1.3.0",
      "resolved": "https://registry.npmjs.org/buffer-plus/-/buffer-plus-1.3.0.tgz",
      "integrity": "sha512-m0BI8oostnCeKnEPtG4B2kXueZ8PB7TNsfuLoLzgCV1+ZlD3WBwKc14AoTWjopnA2nPQP/ARqAahuPHtm2OQFA==",
      "dependencies": {
        "int64-buffer": "^0.1.9"
      }
    },
    "node_modules/int64-buffer": {
      "version": "0.1.10",
      "resolved": "https://registry.npmjs.org/int64-buffer/-/int64-buffer-0.1.10.tgz",
      "integrity": "sha512-v7cSY1J8ydZ0GyjUHqF+1bshJ6cnEVLo9EnjB8p+4HDRPZc9N5jjmvUV7NvEsqQOKyH0pmIBFWXVQbiS0+OBbA=="
    }
  }
}
